{
  "name": "MadVision",
  "lockfileVersion": 3,
  "requires": true,
  "packages": {
    "": {
      "dependencies": {
        "@mediapipe/tasks-vision": "^0.10.10"
      }
    },
    "node_modules/@mediapipe/tasks-vision": {
      "version": "0.10.10",
      "resolved": "https://registry.npmjs.org/@mediapipe/tasks-vision/-/tasks-vision-0.10.10.tgz",
      "integrity": "sha512-XEm7JdAsRUVTse0HeEK77tkcjvIiC8iiR4ArxujDShdX5eSyQnH8GlMjPCFiQkJS46+XEynbnoMkV36caNI2VA=="
    }
  }
}
